
Microsoft Visual Studio Solution File, Format Version 12.00
# Visual Studio Version 17
VisualStudioVersion = 17.0.31903.59
MinimumVisualStudioVersion = 10.0.40219.1
Project("{2150E333-8FDC-42A3-9474-1A3956D46DE8}") = "src", "src", "{827E0CD3-B72D-47B6-A68D-7590B98EB39B}"
EndProject
Project("{2150E333-8FDC-42A3-9474-1A3956D46DE8}") = "backend", "backend", "{FE360695-3F2B-1049-3887-35FBB5135923}"
EndProject
Project("{FAE04EC0-301F-11D3-BF4B-00C04F79EFBC}") = "LaboratoryERP.Domain", "src\backend\LaboratoryERP.Domain\LaboratoryERP.Domain.csproj", "{C268E36A-81BB-47AA-9DCA-FD48DD84BDBC}"
EndProject
Project("{FAE04EC0-301F-11D3-BF4B-00C04F79EFBC}") = "LaboratoryERP.Application", "src\backend\LaboratoryERP.Application\LaboratoryERP.Application.csproj", "{F76D56AA-36E4-46E3-86CD-1EE2EE8D9A6B}"
EndProject
Project("{FAE04EC0-301F-11D3-BF4B-00C04F79EFBC}") = "LaboratoryERP.Infrastructure", "src\backend\LaboratoryERP.Infrastructure\LaboratoryERP.Infrastructure.csproj", "{56BA1AD9-2FB6-4A8B-AF69-40F53E1313F6}"
EndProject
Project("{FAE04EC0-301F-11D3-BF4B-00C04F79EFBC}") = "LaboratoryERP.Persistence", "src\backend\LaboratoryERP.Persistence\LaboratoryERP.Persistence.csproj", "{A36D4B1E-AC7D-4131-828B-E2311682767A}"
EndProject
Project("{FAE04EC0-301F-11D3-BF4B-00C04F79EFBC}") = "LaboratoryERP.Shared", "src\backend\LaboratoryERP.Shared\LaboratoryERP.Shared.csproj", "{366D0DFE-796D-4F40-9A63-D854C011CB2B}"
EndProject
Project("{FAE04EC0-301F-11D3-BF4B-00C04F79EFBC}") = "LaboratoryERP.Contracts", "src\backend\LaboratoryERP.Contracts\LaboratoryERP.Contracts.csproj", "{703A7482-929B-4F41-87FE-EE8560AC0012}"
EndProject
Project("{FAE04EC0-301F-11D3-BF4B-00C04F79EFBC}") = "LaboratoryERP.Api", "src\backend\LaboratoryERP.Api\LaboratoryERP.Api.csproj", "{A1811DC8-82F7-4F51-B243-852A2863D0AF}"
EndProject
Global
	GlobalSection(SolutionConfigurationPlatforms) = preSolution
		Debug|Any CPU = Debug|Any CPU
		Debug|x64 = Debug|x64
		Debug|x86 = Debug|x86
		Release|Any CPU = Release|Any CPU
		Release|x64 = Release|x64
		Release|x86 = Release|x86
	EndGlobalSection
	GlobalSection(ProjectConfigurationPlatforms) = postSolution
		{C268E36A-81BB-47AA-9DCA-FD48DD84BDBC}.Debug|Any CPU.ActiveCfg = Debug|Any CPU
		{C268E36A-81BB-47AA-9DCA-FD48DD84BDBC}.Debug|Any CPU.Build.0 = Debug|Any CPU
		{C268E36A-81BB-47AA-9DCA-FD48DD84BDBC}.Debug|x64.ActiveCfg = Debug|Any CPU
		{C268E36A-81BB-47AA-9DCA-FD48DD84BDBC}.Debug|x64.Build.0 = Debug|Any CPU
		{C268E36A-81BB-47AA-9DCA-FD48DD84BDBC}.Debug|x86.ActiveCfg = Debug|Any CPU
		{C268E36A-81BB-47AA-9DCA-FD48DD84BDBC}.Debug|x86.Build.0 = Debug|Any CPU
		{C268E36A-81BB-47AA-9DCA-FD48DD84BDBC}.Release|Any CPU.ActiveCfg = Release|Any CPU
		{C268E36A-81BB-47AA-9DCA-FD48DD84BDBC}.Release|Any CPU.Build.0 = Release|Any CPU
		{C268E36A-81BB-47AA-9DCA-FD48DD84BDBC}.Release|x64.ActiveCfg = Release|Any CPU
		{C268E36A-81BB-47AA-9DCA-FD48DD84BDBC}.Release|x64.Build.0 = Release|Any CPU
		{C268E36A-81BB-47AA-9DCA-FD48DD84BDBC}.Release|x86.ActiveCfg = Release|Any CPU
		{C268E36A-81BB-47AA-9DCA-FD48DD84BDBC}.Release|x86.Build.0 = Release|Any CPU
		{F76D56AA-36E4-46E3-86CD-1EE2EE8D9A6B}.Debug|Any CPU.ActiveCfg = Debug|Any CPU
		{F76D56AA-36E4-46E3-86CD-1EE2EE8D9A6B}.Debug|Any CPU.Build.0 = Debug|Any CPU
		{F76D56AA-36E4-46E3-86CD-1EE2EE8D9A6B}.Debug|x64.ActiveCfg = Debug|Any CPU
		{F76D56AA-36E4-46E3-86CD-1EE2EE8D9A6B}.Debug|x64.Build.0 = Debug|Any CPU
		{F76D56AA-36E4-46E3-86CD-1EE2EE8D9A6B}.Debug|x86.ActiveCfg = Debug|Any CPU
		{F76D56AA-36E4-46E3-86CD-1EE2EE8D9A6B}.Debug|x86.Build.0 = Debug|Any CPU
		{F76D56AA-36E4-46E3-86CD-1EE2EE8D9A6B}.Release|Any CPU.ActiveCfg = Release|Any CPU
		{F76D56AA-36E4-46E3-86CD-1EE2EE8D9A6B}.Release|Any CPU.Build.0 = Release|Any CPU
		{F76D56AA-36E4-46E3-86CD-1EE2EE8D9A6B}.Release|x64.ActiveCfg = Release|Any CPU
		{F76D56AA-36E4-46E3-86CD-1EE2EE8D9A6B}.Release|x64.Build.0 = Release|Any CPU
		{F76D56AA-36E4-46E3-86CD-1EE2EE8D9A6B}.Release|x86.ActiveCfg = Release|Any CPU
		{F76D56AA-36E4-46E3-86CD-1EE2EE8D9A6B}.Release|x86.Build.0 = Release|Any CPU
		{56BA1AD9-2FB6-4A8B-AF69-40F53E1313F6}.Debug|Any CPU.ActiveCfg = Debug|Any CPU
		{56BA1AD9-2FB6-4A8B-AF69-40F53E1313F6}.Debug|Any CPU.Build.0 = Debug|Any CPU
		{56BA1AD9-2FB6-4A8B-AF69-40F53E1313F6}.Debug|x64.ActiveCfg = Debug|Any CPU
		{56BA1AD9-2FB6-4A8B-AF69-40F53E1313F6}.Debug|x64.Build.0 = Debug|Any CPU
		{56BA1AD9-2FB6-4A8B-AF69-40F53E1313F6}.Debug|x86.ActiveCfg = Debug|Any CPU
		{56BA1AD9-2FB6-4A8B-AF69-40F53E1313F6}.Debug|x86.Build.0 = Debug|Any CPU
		{56BA1AD9-2FB6-4A8B-AF69-40F53E1313F6}.Release|Any CPU.ActiveCfg = Release|Any CPU
		{56BA1AD9-2FB6-4A8B-AF69-40F53E1313F6}.Release|Any CPU.Build.0 = Release|Any CPU
		{56BA1AD9-2FB6-4A8B-AF69-40F53E1313F6}.Release|x64.ActiveCfg = Release|Any CPU
		{56BA1AD9-2FB6-4A8B-AF69-40F53E1313F6}.Release|x64.Build.0 = Release|Any CPU
		{56BA1AD9-2FB6-4A8B-AF69-40F53E1313F6}.Release|x86.ActiveCfg = Release|Any CPU
		{56BA1AD9-2FB6-4A8B-AF69-40F53E1313F6}.Release|x86.Build.0 = Release|Any CPU
		{A36D4B1E-AC7D-4131-828B-E2311682767A}.Debug|Any CPU.ActiveCfg = Debug|Any CPU
		{A36D4B1E-AC7D-4131-828B-E2311682767A}.Debug|Any CPU.Build.0 = Debug|Any CPU
		{A36D4B1E-AC7D-4131-828B-E2311682767A}.Debug|x64.ActiveCfg = Debug|Any CPU
		{A36D4B1E-AC7D-4131-828B-E2311682767A}.Debug|x64.Build.0 = Debug|Any CPU
		{A36D4B1E-AC7D-4131-828B-E2311682767A}.Debug|x86.ActiveCfg = Debug|Any CPU
		{A36D4B1E-AC7D-4131-828B-E2311682767A}.Debug|x86.Build.0 = Debug|Any CPU
		{A36D4B1E-AC7D-4131-828B-E2311682767A}.Release|Any CPU.ActiveCfg = Release|Any CPU
		{A36D4B1E-AC7D-4131-828B-E2311682767A}.Release|Any CPU.Build.0 = Release|Any CPU
		{A36D4B1E-AC7D-4131-828B-E2311682767A}.Release|x64.ActiveCfg = Release|Any CPU
		{A36D4B1E-AC7D-4131-828B-E2311682767A}.Release|x64.Build.0 = Release|Any CPU
		{A36D4B1E-AC7D-4131-828B-E2311682767A}.Release|x86.ActiveCfg = Release|Any CPU
		{A36D4B1E-AC7D-4131-828B-E2311682767A}.Release|x86.Build.0 = Release|Any CPU
		{366D0DFE-796D-4F40-9A63-D854C011CB2B}.Debug|Any CPU.ActiveCfg = Debug|Any CPU
		{366D0DFE-796D-4F40-9A63-D854C011CB2B}.Debug|Any CPU.Build.0 = Debug|Any CPU
		{366D0DFE-796D-4F40-9A63-D854C011CB2B}.Debug|x64.ActiveCfg = Debug|Any CPU
		{366D0DFE-796D-4F40-9A63-D854C011CB2B}.Debug|x64.Build.0 = Debug|Any CPU
		{366D0DFE-796D-4F40-9A63-D854C011CB2B}.Debug|x86.ActiveCfg = Debug|Any CPU
		{366D0DFE-796D-4F40-9A63-D854C011CB2B}.Debug|x86.Build.0 = Debug|Any CPU
		{366D0DFE-796D-4F40-9A63-D854C011CB2B}.Release|Any CPU.ActiveCfg = Release|Any CPU
		{366D0DFE-796D-4F40-9A63-D854C011CB2B}.Release|Any CPU.Build.0 = Release|Any CPU
		{366D0DFE-796D-4F40-9A63-D854C011CB2B}.Release|x64.ActiveCfg = Release|Any CPU
		{366D0DFE-796D-4F40-9A63-D854C011CB2B}.Release|x64.Build.0 = Release|Any CPU
		{366D0DFE-796D-4F40-9A63-D854C011CB2B}.Release|x86.ActiveCfg = Release|Any CPU
		{366D0DFE-796D-4F40-9A63-D854C011CB2B}.Release|x86.Build.0 = Release|Any CPU
		{703A7482-929B-4F41-87FE-EE8560AC0012}.Debug|Any CPU.ActiveCfg = Debug|Any CPU
		{703A7482-929B-4F41-87FE-EE8560AC0012}.Debug|Any CPU.Build.0 = Debug|Any CPU
		{703A7482-929B-4F41-87FE-EE8560AC0012}.Debug|x64.ActiveCfg = Debug|Any CPU
		{703A7482-929B-4F41-87FE-EE8560AC0012}.Debug|x64.Build.0 = Debug|Any CPU
		{703A7482-929B-4F41-87FE-EE8560AC0012}.Debug|x86.ActiveCfg = Debug|Any CPU
		{703A7482-929B-4F41-87FE-EE8560AC0012}.Debug|x86.Build.0 = Debug|Any CPU
		{703A7482-929B-4F41-87FE-EE8560AC0012}.Release|Any CPU.ActiveCfg = Release|Any CPU
		{703A7482-929B-4F41-87FE-EE8560AC0012}.Release|Any CPU.Build.0 = Release|Any CPU
		{703A7482-929B-4F41-87FE-EE8560AC0012}.Release|x64.ActiveCfg = Release|Any CPU
		{703A7482-929B-4F41-87FE-EE8560AC0012}.Release|x64.Build.0 = Release|Any CPU
		{703A7482-929B-4F41-87FE-EE8560AC0012}.Release|x86.ActiveCfg = Release|Any CPU
		{703A7482-929B-4F41-87FE-EE8560AC0012}.Release|x86.Build.0 = Release|Any CPU
		{A1811DC8-82F7-4F51-B243-852A2863D0AF}.Debug|Any CPU.ActiveCfg = Debug|Any CPU
		{A1811DC8-82F7-4F51-B243-852A2863D0AF}.Debug|Any CPU.Build.0 = Debug|Any CPU
		{A1811DC8-82F7-4F51-B243-852A2863D0AF}.Debug|x64.ActiveCfg = Debug|Any CPU
		{A1811DC8-82F7-4F51-B243-852A2863D0AF}.Debug|x64.Build.0 = Debug|Any CPU
		{A1811DC8-82F7-4F51-B243-852A2863D0AF}.Debug|x86.ActiveCfg = Debug|Any CPU
		{A1811DC8-82F7-4F51-B243-852A2863D0AF}.Debug|x86.Build.0 = Debug|Any CPU
		{A1811DC8-82F7-4F51-B243-852A2863D0AF}.Release|Any CPU.ActiveCfg = Release|Any CPU
		{A1811DC8-82F7-4F51-B243-852A2863D0AF}.Release|Any CPU.Build.0 = Release|Any CPU
		{A1811DC8-82F7-4F51-B243-852A2863D0AF}.Release|x64.ActiveCfg = Release|Any CPU
		{A1811DC8-82F7-4F51-B243-852A2863D0AF}.Release|x64.Build.0 = Release|Any CPU
		{A1811DC8-82F7-4F51-B243-852A2863D0AF}.Release|x86.ActiveCfg = Release|Any CPU
		{A1811DC8-82F7-4F51-B243-852A2863D0AF}.Release|x86.Build.0 = Release|Any CPU
	EndGlobalSection
	GlobalSection(SolutionProperties) = preSolution
		HideSolutionNode = FALSE
	EndGlobalSection
	GlobalSection(NestedProjects) = preSolution
		{FE360695-3F2B-1049-3887-35FBB5135923} = {827E0CD3-B72D-47B6-A68D-7590B98EB39B}
		{C268E36A-81BB-47AA-9DCA-FD48DD84BDBC} = {FE360695-3F2B-1049-3887-35FBB5135923}
		{F76D56AA-36E4-46E3-86CD-1EE2EE8D9A6B} = {FE360695-3F2B-1049-3887-35FBB5135923}
		{56BA1AD9-2FB6-4A8B-AF69-40F53E1313F6} = {FE360695-3F2B-1049-3887-35FBB5135923}
		{A36D4B1E-AC7D-4131-828B-E2311682767A} = {FE360695-3F2B-1049-3887-35FBB5135923}
		{366D0DFE-796D-4F40-9A63-D854C011CB2B} = {FE360695-3F2B-1049-3887-35FBB5135923}
		{703A7482-929B-4F41-87FE-EE8560AC0012} = {FE360695-3F2B-1049-3887-35FBB5135923}
		{A1811DC8-82F7-4F51-B243-852A2863D0AF} = {FE360695-3F2B-1049-3887-35FBB5135923}
	EndGlobalSection
EndGlobal
